// !$*UTF8*$!
{
	archiveVersion = 1;
	classes = {
	};
	objectVersion = 46;
	objects = {

/* Begin PBXBuildFile section */
		7C0B1BDF1D3801B400285534 /* AppDelegate.swift in Sources */ = {isa = PBXBuildFile; fileRef = 7C0B1BDE1D3801B400285534 /* AppDelegate.swift */; };
		7C0B1BE11D3801B400285534 /* ViewController.swift in Sources */ = {isa = PBXBuildFile; fileRef = 7C0B1BE01D3801B400285534 /* ViewController.swift */; };
		7C0B1BE41D3801B400285534 /* Main.storyboard in Resources */ = {isa = PBXBuildFile; fileRef = 7C0B1BE21D3801B400285534 /* Main.storyboard */; };
		7C0B1BE61D3801B400285534 /* Assets.xcassets in Resources */ = {isa = PBXBuildFile; fileRef = 7C0B1BE51D3801B400285534 /* Assets.xcassets */; };
		7C0B1BE91D3801B400285534 /* LaunchScreen.storyboard in Resources */ = {isa = PBXBuildFile; fileRef = 7C0B1BE71D3801B400285534 /* LaunchScreen.storyboard */; };
		7C0B1BF41D3801B400285534 /* CoolNotesTests.swift in Sources */ = {isa = PBXBuildFile; fileRef = 7C0B1BF31D3801B400285534 /* CoolNotesTests.swift */; };
		7C0B1BFF1D3801B400285534 /* CoolNotesUITests.swift in Sources */ = {isa = PBXBuildFile; fileRef = 7C0B1BFE1D3801B400285534 /* CoolNotesUITests.swift */; };
		7C0B1C0E1D38020400285534 /* CoolNotesModel.xcdatamodeld in Sources */ = {isa = PBXBuildFile; fileRef = 7C0B1C0C1D38020400285534 /* CoolNotesModel.xcdatamodeld */; };
		7C0B1C131D380A2E00285534 /* CoreDataStack.swift in Sources */ = {isa = PBXBuildFile; fileRef = 7C0B1C121D380A2E00285534 /* CoreDataStack.swift */; };
		7C0B1C181D380ADE00285534 /* Note+CoreDataProperties.swift in Sources */ = {isa = PBXBuildFile; fileRef = 7C0B1C141D380ADE00285534 /* Note+CoreDataProperties.swift */; };
		7C0B1C191D380ADE00285534 /* Note.swift in Sources */ = {isa = PBXBuildFile; fileRef = 7C0B1C151D380ADE00285534 /* Note.swift */; };
		7C0B1C1A1D380ADE00285534 /* Notebook+CoreDataProperties.swift in Sources */ = {isa = PBXBuildFile; fileRef = 7C0B1C161D380ADE00285534 /* Notebook+CoreDataProperties.swift */; };
		7C0B1C1B1D380ADE00285534 /* Notebook.swift in Sources */ = {isa = PBXBuildFile; fileRef = 7C0B1C171D380ADE00285534 /* Notebook.swift */; };
		7C2A7C3E1D3968B70096773E /* CoreDataTableViewController.swift in Sources */ = {isa = PBXBuildFile; fileRef = 7C2A7C3D1D3968B70096773E /* CoreDataTableViewController.swift */; };
		7C2A7C401D3969660096773E /* NotebooksTableViewController.swift in Sources */ = {isa = PBXBuildFile; fileRef = 7C2A7C3F1D3969660096773E /* NotebooksTableViewController.swift */; };
		7C2A7C421D3992540096773E /* NotesTableViewController.swift in Sources */ = {isa = PBXBuildFile; fileRef = 7C2A7C411D3992540096773E /* NotesTableViewController.swift */; };
/* End PBXBuildFile section */

/* Begin PBXContainerItemProxy section */
		7C0B1BF01D3801B400285534 /* PBXContainerItemProxy */ = {
			isa = PBXContainerItemProxy;
			containerPortal = 7C0B1BD31D3801B300285534 /* Project object */;
			proxyType = 1;
			remoteGlobalIDString = 7C0B1BDA1D3801B300285534;
			remoteInfo = CoolNotes;
		};
		7C0B1BFB1D3801B400285534 /* PBXContainerItemProxy */ = {
			isa = PBXContainerItemProxy;
			containerPortal = 7C0B1BD31D3801B300285534 /* Project object */;
			proxyType = 1;
			remoteGlobalIDString = 7C0B1BDA1D3801B300285534;
			remoteInfo = CoolNotes;
		};
/* End PBXContainerItemProxy section */

/* Begin PBXFileReference section */
		7C0B1BDB1D3801B400285534 /* CoolNotes.app */ = {isa = PBXFileReference; explicitFileType = wrapper.application; includeInIndex = 0; path = CoolNotes.app; sourceTree = BUILT_PRODUCTS_DIR; };
		7C0B1BDE1D3801B400285534 /* AppDelegate.swift */ = {isa = PBXFileReference; lastKnownFileType = sourcecode.swift; path = AppDelegate.swift; sourceTree = "<group>"; };
		7C0B1BE01D3801B400285534 /* ViewController.swift */ = {isa = PBXFileReference; lastKnownFileType = sourcecode.swift; path = ViewController.swift; sourceTree = "<group>"; };
		7C0B1BE31D3801B400285534 /* Base */ = {isa = PBXFileReference; lastKnownFileType = file.storyboard; name = Base; path = Base.lproj/Main.storyboard; sourceTree = "<group>"; };
		7C0B1BE51D3801B400285534 /* Assets.xcassets */ = {isa = PBXFileReference; lastKnownFileType = folder.assetcatalog; path = Assets.xcassets; sourceTree = "<group>"; };
		7C0B1BE81D3801B400285534 /* Base */ = {isa = PBXFileReference; lastKnownFileType = file.storyboard; name = Base; path = Base.lproj/LaunchScreen.storyboard; sourceTree = "<group>"; };
		7C0B1BEA1D3801B400285534 /* Info.plist */ = {isa = PBXFileReference; lastKnownFileType = text.plist.xml; path = Info.plist; sourceTree = "<group>"; };
		7C0B1BEF1D3801B400285534 /* CoolNotesTests.xctest */ = {isa = PBXFileReference; explicitFileType = wrapper.cfbundle; includeInIndex = 0; path = CoolNotesTests.xctest; sourceTree = BUILT_PRODUCTS_DIR; };
		7C0B1BF31D3801B400285534 /* CoolNotesTests.swift */ = {isa = PBXFileReference; lastKnownFileType = sourcecode.swift; path = CoolNotesTests.swift; sourceTree = "<group>"; };
		7C0B1BF51D3801B400285534 /* Info.plist */ = {isa = PBXFileReference; lastKnownFileType = text.plist.xml; path = Info.plist; sourceTree = "<group>"; };
		7C0B1BFA1D3801B400285534 /* CoolNotesUITests.xctest */ = {isa = PBXFileReference; explicitFileType = wrapper.cfbundle; includeInIndex = 0; path = CoolNotesUITests.xctest; sourceTree = BUILT_PRODUCTS_DIR; };
		7C0B1BFE1D3801B400285534 /* CoolNotesUITests.swift */ = {isa = PBXFileReference; lastKnownFileType = sourcecode.swift; path = CoolNotesUITests.swift; sourceTree = "<group>"; };
		7C0B1C001D3801B400285534 /* Info.plist */ = {isa = PBXFileReference; lastKnownFileType = text.plist.xml; path = Info.plist; sourceTree = "<group>"; };
		7C0B1C0D1D38020400285534 /* CoolNotesModel.xcdatamodel */ = {isa = PBXFileReference; lastKnownFileType = wrapper.xcdatamodel; path = CoolNotesModel.xcdatamodel; sourceTree = "<group>"; };
		7C0B1C121D380A2E00285534 /* CoreDataStack.swift */ = {isa = PBXFileReference; fileEncoding = 4; lastKnownFileType = sourcecode.swift; name = CoreDataStack.swift; path = CoolNotes/CoreDataStack.swift; sourceTree = "<group>"; };
		7C0B1C141D380ADE00285534 /* Note+CoreDataProperties.swift */ = {isa = PBXFileReference; fileEncoding = 4; lastKnownFileType = sourcecode.swift; path = "Note+CoreDataProperties.swift"; sourceTree = "<group>"; };
		7C0B1C151D380ADE00285534 /* Note.swift */ = {isa = PBXFileReference; fileEncoding = 4; lastKnownFileType = sourcecode.swift; path = Note.swift; sourceTree = "<group>"; };
		7C0B1C161D380ADE00285534 /* Notebook+CoreDataProperties.swift */ = {isa = PBXFileReference; fileEncoding = 4; lastKnownFileType = sourcecode.swift; path = "Notebook+CoreDataProperties.swift"; sourceTree = "<group>"; };
		7C0B1C171D380ADE00285534 /* Notebook.swift */ = {isa = PBXFileReference; fileEncoding = 4; lastKnownFileType = sourcecode.swift; path = Notebook.swift; sourceTree = "<group>"; };
		7C2A7C3D1D3968B70096773E /* CoreDataTableViewController.swift */ = {isa = PBXFileReference; fileEncoding = 4; lastKnownFileType = sourcecode.swift; path = CoreDataTableViewController.swift; sourceTree = "<group>"; };
		7C2A7C3F1D3969660096773E /* NotebooksTableViewController.swift */ = {isa = PBXFileReference; fileEncoding = 4; lastKnownFileType = sourcecode.swift; path = NotebooksTableViewController.swift; sourceTree = "<group>"; };
		7C2A7C411D3992540096773E /* NotesTableViewController.swift */ = {isa = PBXFileReference; fileEncoding = 4; lastKnownFileType = sourcecode.swift; path = NotesTableViewController.swift; sourceTree = "<group>"; };
/* End PBXFileReference section */

/* Begin PBXFrameworksBuildPhase section */
		7C0B1BD81D3801B300285534 /* Frameworks */ = {
			isa = PBXFrameworksBuildPhase;
			buildActionMask = 2147483647;
			files = (
			);
			runOnlyForDeploymentPostprocessing = 0;
		};
		7C0B1BEC1D3801B400285534 /* Frameworks */ = {
			isa = PBXFrameworksBuildPhase;
			buildActionMask = 2147483647;
			files = (
			);
			runOnlyForDeploymentPostprocessing = 0;
		};
		7C0B1BF71D3801B400285534 /* Frameworks */ = {
			isa = PBXFrameworksBuildPhase;
			buildActionMask = 2147483647;
			files = (
			);
			runOnlyForDeploymentPostprocessing = 0;
		};
/* End PBXFrameworksBuildPhase section */

/* Begin PBXGroup section */
		7C0B1BD21D3801B300285534 = {
			isa = PBXGroup;
			children = (
				7C0B1BDD1D3801B400285534 /* CoolNotes */,
				7C0B1BF21D3801B400285534 /* CoolNotesTests */,
				7C0B1BFD1D3801B400285534 /* CoolNotesUITests */,
				7C0B1BDC1D3801B400285534 /* Products */,
			);
			sourceTree = "<group>";
		};
		7C0B1BDC1D3801B400285534 /* Products */ = {
			isa = PBXGroup;
			children = (
				7C0B1BDB1D3801B400285534 /* CoolNotes.app */,
				7C0B1BEF1D3801B400285534 /* CoolNotesTests.xctest */,
				7C0B1BFA1D3801B400285534 /* CoolNotesUITests.xctest */,
			);
			name = Products;
			sourceTree = "<group>";
		};
		7C0B1BDD1D3801B400285534 /* CoolNotes */ = {
			isa = PBXGroup;
			children = (
				7C2A7C3C1D3968830096773E /* Controllers */,
				7C0B1C0F1D38092E00285534 /* Model */,
				7C0B1BDE1D3801B400285534 /* AppDelegate.swift */,
				7C0B1BE01D3801B400285534 /* ViewController.swift */,
				7C0B1BE21D3801B400285534 /* Main.storyboard */,
				7C0B1BE51D3801B400285534 /* Assets.xcassets */,
				7C0B1BE71D3801B400285534 /* LaunchScreen.storyboard */,
				7C0B1BEA1D3801B400285534 /* Info.plist */,
			);
			path = CoolNotes;
			sourceTree = "<group>";
		};
		7C0B1BF21D3801B400285534 /* CoolNotesTests */ = {
			isa = PBXGroup;
			children = (
				7C0B1BF31D3801B400285534 /* CoolNotesTests.swift */,
				7C0B1BF51D3801B400285534 /* Info.plist */,
			);
			path = CoolNotesTests;
			sourceTree = "<group>";
		};
		7C0B1BFD1D3801B400285534 /* CoolNotesUITests */ = {
			isa = PBXGroup;
			children = (
				7C0B1BFE1D3801B400285534 /* CoolNotesUITests.swift */,
				7C0B1C001D3801B400285534 /* Info.plist */,
			);
			path = CoolNotesUITests;
			sourceTree = "<group>";
		};
		7C0B1C0F1D38092E00285534 /* Model */ = {
			isa = PBXGroup;
			children = (
				7C0B1C141D380ADE00285534 /* Note+CoreDataProperties.swift */,
				7C0B1C151D380ADE00285534 /* Note.swift */,
				7C0B1C161D380ADE00285534 /* Notebook+CoreDataProperties.swift */,
				7C0B1C171D380ADE00285534 /* Notebook.swift */,
				7C0B1C0C1D38020400285534 /* CoolNotesModel.xcdatamodeld */,
				7C0B1C121D380A2E00285534 /* CoreDataStack.swift */,
			);
			name = Model;
			path = ..;
			sourceTree = "<group>";
		};
		7C2A7C3C1D3968830096773E /* Controllers */ = {
			isa = PBXGroup;
			children = (
				7C2A7C3D1D3968B70096773E /* CoreDataTableViewController.swift */,
				7C2A7C3F1D3969660096773E /* NotebooksTableViewController.swift */,
				7C2A7C411D3992540096773E /* NotesTableViewController.swift */,
			);
			name = Controllers;
			sourceTree = "<group>";
		};
/* End PBXGroup section */

/* Begin PBXNativeTarget section */
		7C0B1BDA1D3801B300285534 /* CoolNotes */ = {
			isa = PBXNativeTarget;
			buildConfigurationList = 7C0B1C031D3801B400285534 /* Build configuration list for PBXNativeTarget "CoolNotes" */;
			buildPhases = (
				7C0B1BD71D3801B300285534 /* Sources */,
				7C0B1BD81D3801B300285534 /* Frameworks */,
				7C0B1BD91D3801B300285534 /* Resources */,
			);
			buildRules = (
			);
			dependencies = (
			);
			name = CoolNotes;
			productName = CoolNotes;
			productReference = 7C0B1BDB1D3801B400285534 /* CoolNotes.app */;
			productType = "com.apple.product-type.application";
		};
		7C0B1BEE1D3801B400285534 /* CoolNotesTests */ = {
			isa = PBXNativeTarget;
			buildConfigurationList = 7C0B1C061D3801B400285534 /* Build configuration list for PBXNativeTarget "CoolNotesTests" */;
			buildPhases = (
				7C0B1BEB1D3801B400285534 /* Sources */,
				7C0B1BEC1D3801B400285534 /* Frameworks */,
				7C0B1BED1D3801B400285534 /* Resources */,
			);
			buildRules = (
			);
			dependencies = (
				7C0B1BF11D3801B400285534 /* PBXTargetDependency */,
			);
			name = CoolNotesTests;
			productName = CoolNotesTests;
			productReference = 7C0B1BEF1D3801B400285534 /* CoolNotesTests.xctest */;
			productType = "com.apple.product-type.bundle.unit-test";
		};
		7C0B1BF91D3801B400285534 /* CoolNotesUITests */ = {
			isa = PBXNativeTarget;
			buildConfigurationList = 7C0B1C091D3801B400285534 /* Build configuration list for PBXNativeTarget "CoolNotesUITests" */;
			buildPhases = (
				7C0B1BF61D3801B400285534 /* Sources */,
				7C0B1BF71D3801B400285534 /* Frameworks */,
				7C0B1BF81D3801B400285534 /* Resources */,
			);
			buildRules = (
			);
			dependencies = (
				7C0B1BFC1D3801B400285534 /* PBXTargetDependency */,
			);
			name = CoolNotesUITests;
			productName = CoolNotesUITests;
			productReference = 7C0B1BFA1D3801B400285534 /* CoolNotesUITests.xctest */;
			productType = "com.apple.product-type.bundle.ui-testing";
		};
/* End PBXNativeTarget section */

/* Begin PBXProject section */
		7C0B1BD31D3801B300285534 /* Project object */ = {
			isa = PBXProject;
			attributes = {
				LastSwiftUpdateCheck = 0730;
				LastUpgradeCheck = 0730;
				ORGANIZATIONNAME = "Wong, Ryan C";
				TargetAttributes = {
					7C0B1BDA1D3801B300285534 = {
						CreatedOnToolsVersion = 7.3.1;
					};
					7C0B1BEE1D3801B400285534 = {
						CreatedOnToolsVersion = 7.3.1;
						TestTargetID = 7C0B1BDA1D3801B300285534;
					};
					7C0B1BF91D3801B400285534 = {
						CreatedOnToolsVersion = 7.3.1;
						TestTargetID = 7C0B1BDA1D3801B300285534;
					};
				};
			};
			buildConfigurationList = 7C0B1BD61D3801B300285534 /* Build configuration list for PBXProject "CoolNotes" */;
			compatibilityVersion = "Xcode 3.2";
			developmentRegion = English;
			hasScannedForEncodings = 0;
			knownRegions = (
				en,
				Base,
			);
			mainGroup = 7C0B1BD21D3801B300285534;
			productRefGroup = 7C0B1BDC1D3801B400285534 /* Products */;
			projectDirPath = "";
			projectRoot = "";
			targets = (
				7C0B1BDA1D3801B300285534 /* CoolNotes */,
				7C0B1BEE1D3801B400285534 /* CoolNotesTests */,
				7C0B1BF91D3801B400285534 /* CoolNotesUITests */,
			);
		};
/* End PBXProject section */

/* Begin PBXResourcesBuildPhase section */
		7C0B1BD91D3801B300285534 /* Resources */ = {
			isa = PBXResourcesBuildPhase;
			buildActionMask = 2147483647;
			files = (
				7C0B1BE91D3801B400285534 /* LaunchScreen.storyboard in Resources */,
				7C0B1BE61D3801B400285534 /* Assets.xcassets in Resources */,
				7C0B1BE41D3801B400285534 /* Main.storyboard in Resources */,
			);
			runOnlyForDeploymentPostprocessing = 0;
		};
		7C0B1BED1D3801B400285534 /* Resources */ = {
			isa = PBXResourcesBuildPhase;
			buildActionMask = 2147483647;
			files = (
			);
			runOnlyForDeploymentPostprocessing = 0;
		};
		7C0B1BF81D3801B400285534 /* Resources */ = {
			isa = PBXResourcesBuildPhase;
			buildActionMask = 2147483647;
			files = (
			);
			runOnlyForDeploymentPostprocessing = 0;
		};
/* End PBXResourcesBuildPhase section */

/* Begin PBXSourcesBuildPhase section */
		7C0B1BD71D3801B300285534 /* Sources */ = {
			isa = PBXSourcesBuildPhase;
			buildActionMask = 2147483647;
			files = (
				7C0B1BE11D3801B400285534 /* ViewController.swift in Sources */,
				7C2A7C421D3992540096773E /* NotesTableViewController.swift in Sources */,
				7C0B1C0E1D38020400285534 /* CoolNotesModel.xcdatamodeld in Sources */,
				7C0B1C1B1D380ADE00285534 /* Notebook.swift in Sources */,
				7C0B1BDF1D3801B400285534 /* AppDelegate.swift in Sources */,
				7C2A7C401D3969660096773E /* NotebooksTableViewController.swift in Sources */,
				7C0B1C131D380A2E00285534 /* CoreDataStack.swift in Sources */,
				7C0B1C1A1D380ADE00285534 /* Notebook+CoreDataProperties.swift in Sources */,
				7C0B1C181D380ADE00285534 /* Note+CoreDataProperties.swift in Sources */,
				7C2A7C3E1D3968B70096773E /* CoreDataTableViewController.swift in Sources */,
				7C0B1C191D380ADE00285534 /* Note.swift in Sources */,
			);
			runOnlyForDeploymentPostprocessing = 0;
		};
		7C0B1BEB1D3801B400285534 /* Sources */ = {
			isa = PBXSourcesBuildPhase;
			buildActionMask = 2147483647;
			files = (
				7C0B1BF41D3801B400285534 /* CoolNotesTests.swift in Sources */,
			);
			runOnlyForDeploymentPostprocessing = 0;
		};
		7C0B1BF61D3801B400285534 /* Sources */ = {
			isa = PBXSourcesBuildPhase;
			buildActionMask = 2147483647;
			files = (
				7C0B1BFF1D3801B400285534 /* CoolNotesUITests.swift in Sources */,
			);
			runOnlyForDeploymentPostprocessing = 0;
		};
/* End PBXSourcesBuildPhase section */

/* Begin PBXTargetDependency section */
		7C0B1BF11D3801B400285534 /* PBXTargetDependency */ = {
			isa = PBXTargetDependency;
			target = 7C0B1BDA1D3801B300285534 /* CoolNotes */;
			targetProxy = 7C0B1BF01D3801B400285534 /* PBXContainerItemProxy */;
		};
		7C0B1BFC1D3801B400285534 /* PBXTargetDependency */ = {
			isa = PBXTargetDependency;
			target = 7C0B1BDA1D3801B300285534 /* CoolNotes */;
			targetProxy = 7C0B1BFB1D3801B400285534 /* PBXContainerItemProxy */;
		};
/* End PBXTargetDependency section */

/* Begin PBXVariantGroup section */
		7C0B1BE21D3801B400285534 /* Main.storyboard */ = {
			isa = PBXVariantGroup;
			children = (
				7C0B1BE31D3801B400285534 /* Base */,
			);
			name = Main.storyboard;
			sourceTree = "<group>";
		};
		7C0B1BE71D3801B400285534 /* LaunchScreen.storyboard */ = {
			isa = PBXVariantGroup;
			children = (
				7C0B1BE81D3801B400285534 /* Base */,
			);
			name = LaunchScreen.storyboard;
			sourceTree = "<group>";
		};
/* End PBXVariantGroup section */

/* Begin XCBuildConfiguration section */
		7C0B1C011D3801B400285534 /* Debug */ = {
			isa = XCBuildConfiguration;
			buildSettings = {
				ALWAYS_SEARCH_USER_PATHS = NO;
				CLANG_ANALYZER_NONNULL = YES;
				CLANG_CXX_LANGUAGE_STANDARD = "gnu++0x";
				CLANG_CXX_LIBRARY = "libc++";
				CLANG_ENABLE_MODULES = YES;
				CLANG_ENABLE_OBJC_ARC = YES;
				CLANG_WARN_BOOL_CONVERSION = YES;
				CLANG_WARN_CONSTANT_CONVERSION = YES;
				CLANG_WARN_DIRECT_OBJC_ISA_USAGE = YES_ERROR;
				CLANG_WARN_EMPTY_BODY = YES;
				CLANG_WARN_ENUM_CONVERSION = YES;
				CLANG_WARN_INT_CONVERSION = YES;
				CLANG_WARN_OBJC_ROOT_CLASS = YES_ERROR;
				CLANG_WARN_UNREACHABLE_CODE = YES;
				CLANG_WARN__DUPLICATE_METHOD_MATCH = YES;
				"CODE_SIGN_IDENTITY[sdk=iphoneos*]" = "iPhone Developer";
				COPY_PHASE_STRIP = NO;
				DEBUG_INFORMATION_FORMAT = dwarf;
				ENABLE_STRICT_OBJC_MSGSEND = YES;
				ENABLE_TESTABILITY = YES;
				GCC_C_LANGUAGE_STANDARD = gnu99;
				GCC_DYNAMIC_NO_PIC = NO;
				GCC_NO_COMMON_BLOCKS = YES;
				GCC_OPTIMIZATION_LEVEL = 0;
				GCC_PREPROCESSOR_DEFINITIONS = (
					"DEBUG=1",
					"$(inherited)",
				);
				GCC_WARN_64_TO_32_BIT_CONVERSION = YES;
				GCC_WARN_ABOUT_RETURN_TYPE = YES_ERROR;
				GCC_WARN_UNDECLARED_SELECTOR = YES;
				GCC_WARN_UNINITIALIZED_AUTOS = YES_AGGRESSIVE;
				GCC_WARN_UNUSED_FUNCTION = YES;
				GCC_WARN_UNUSED_VARIABLE = YES;
				IPHONEOS_DEPLOYMENT_TARGET = 9.3;
				MTL_ENABLE_DEBUG_INFO = YES;
				ONLY_ACTIVE_ARCH = YES;
				SDKROOT = iphoneos;
				SWIFT_OPTIMIZATION_LEVEL = "-Onone";
			};
			name = Debug;
		};
		7C0B1C021D3801B400285534 /* Release */ = {
			isa = XCBuildConfiguration;
			buildSettings = {
				ALWAYS_SEARCH_USER_PATHS = NO;
				CLANG_ANALYZER_NONNULL = YES;
				CLANG_CXX_LANGUAGE_STANDARD = "gnu++0x";
				CLANG_CXX_LIBRARY = "libc++";
				CLANG_ENABLE_MODULES = YES;
				CLANG_ENABLE_OBJC_ARC = YES;
				CLANG_WARN_BOOL_CONVERSION = YES;
				CLANG_WARN_CONSTANT_CONVERSION = YES;
				CLANG_WARN_DIRECT_OBJC_ISA_USAGE = YES_ERROR;
				CLANG_WARN_EMPTY_BODY = YES;
				CLANG_WARN_ENUM_CONVERSION = YES;
				CLANG_WARN_INT_CONVERSION = YES;
				CLANG_WARN_OBJC_ROOT_CLASS = YES_ERROR;
				CLANG_WARN_UNREACHABLE_CODE = YES;
				CLANG_WARN__DUPLICATE_METHOD_MATCH = YES;
				"CODE_SIGN_IDENTITY[sdk=iphoneos*]" = "iPhone Developer";
				COPY_PHASE_STRIP = NO;
				DEBUG_INFORMATION_FORMAT = "dwarf-with-dsym";
				ENABLE_NS_ASSERTIONS = NO;
				ENABLE_STRICT_OBJC_MSGSEND = YES;
				GCC_C_LANGUAGE_STANDARD = gnu99;
				GCC_NO_COMMON_BLOCKS = YES;
				GCC_WARN_64_TO_32_BIT_CONVERSION = YES;
				GCC_WARN_ABOUT_RETURN_TYPE = YES_ERROR;
				GCC_WARN_UNDECLARED_SELECTOR = YES;
				GCC_WARN_UNINITIALIZED_AUTOS = YES_AGGRESSIVE;
				GCC_WARN_UNUSED_FUNCTION = YES;
				GCC_WARN_UNUSED_VARIABLE = YES;
				IPHONEOS_DEPLOYMENT_TARGET = 9.3;
				MTL_ENABLE_DEBUG_INFO = NO;
				SDKROOT = iphoneos;
				VALIDATE_PRODUCT = YES;
			};
			name = Release;
		};
		7C0B1C041D3801B400285534 /* Debug */ = {
			isa = XCBuildConfiguration;
			buildSettings = {
				ASSETCATALOG_COMPILER_APPICON_NAME = AppIcon;
				INFOPLIST_FILE = CoolNotes/Info.plist;
				LD_RUNPATH_SEARCH_PATHS = "$(inherited) @executable_path/Frameworks";
				PRODUCT_BUNDLE_IDENTIFIER = rcw.CoolNotes;
				PRODUCT_NAME = "$(TARGET_NAME)";
			};
			name = Debug;
		};
		7C0B1C051D3801B400285534 /* Release */ = {
			isa = XCBuildConfiguration;
			buildSettings = {
				ASSETCATALOG_COMPILER_APPICON_NAME = AppIcon;
				INFOPLIST_FILE = CoolNotes/Info.plist;
				LD_RUNPATH_SEARCH_PATHS = "$(inherited) @executable_path/Frameworks";
				PRODUCT_BUNDLE_IDENTIFIER = rcw.CoolNotes;
				PRODUCT_NAME = "$(TARGET_NAME)";
			};
			name = Release;
		};
		7C0B1C071D3801B400285534 /* Debug */ = {
			isa = XCBuildConfiguration;
			buildSettings = {
				BUNDLE_LOADER = "$(TEST_HOST)";
				INFOPLIST_FILE = CoolNotesTests/Info.plist;
				LD_RUNPATH_SEARCH_PATHS = "$(inherited) @executable_path/Frameworks @loader_path/Frameworks";
				PRODUCT_BUNDLE_IDENTIFIER = rcw.CoolNotesTests;
				PRODUCT_NAME = "$(TARGET_NAME)";
				TEST_HOST = "$(BUILT_PRODUCTS_DIR)/CoolNotes.app/CoolNotes";
			};
			name = Debug;
		};
		7C0B1C081D3801B400285534 /* Release */ = {
			isa = XCBuildConfiguration;
			buildSettings = {
				BUNDLE_LOADER = "$(TEST_HOST)";
				INFOPLIST_FILE = CoolNotesTests/Info.plist;
				LD_RUNPATH_SEARCH_PATHS = "$(inherited) @executable_path/Frameworks @loader_path/Frameworks";
				PRODUCT_BUNDLE_IDENTIFIER = rcw.CoolNotesTests;
				PRODUCT_NAME = "$(TARGET_NAME)";
				TEST_HOST = "$(BUILT_PRODUCTS_DIR)/CoolNotes.app/CoolNotes";
			};
			name = Release;
		};
		7C0B1C0A1D3801B400285534 /* Debug */ = {
			isa = XCBuildConfiguration;
			buildSettings = {
				INFOPLIST_FILE = CoolNotesUITests/Info.plist;
				LD_RUNPATH_SEARCH_PATHS = "$(inherited) @executable_path/Frameworks @loader_path/Frameworks";
				PRODUCT_BUNDLE_IDENTIFIER = rcw.CoolNotesUITests;
				PRODUCT_NAME = "$(TARGET_NAME)";
				TEST_TARGET_NAME = CoolNotes;
			};
			name = Debug;
		};
		7C0B1C0B1D3801B400285534 /* Release */ = {
			isa = XCBuildConfiguration;
			buildSettings = {
				INFOPLIST_FILE = CoolNotesUITests/Info.plist;
				LD_RUNPATH_SEARCH_PATHS = "$(inherited) @executable_path/Frameworks @loader_path/Frameworks";
				PRODUCT_BUNDLE_IDENTIFIER = rcw.CoolNotesUITests;
				PRODUCT_NAME = "$(TARGET_NAME)";
				TEST_TARGET_NAME = CoolNotes;
			};
			name = Release;
		};
/* End XCBuildConfiguration section */

/* Begin XCConfigurationList section */
		7C0B1BD61D3801B300285534 /* Build configuration list for PBXProject "CoolNotes" */ = {
			isa = XCConfigurationList;
			buildConfigurations = (
				7C0B1C011D3801B400285534 /* Debug */,
				7C0B1C021D3801B400285534 /* Release */,
			);
			defaultConfigurationIsVisible = 0;
			defaultConfigurationName = Release;
		};
		7C0B1C031D3801B400285534 /* Build configuration list for PBXNativeTarget "CoolNotes" */ = {
			isa = XCConfigurationList;
			buildConfigurations = (
				7C0B1C041D3801B400285534 /* Debug */,
				7C0B1C051D3801B400285534 /* Release */,
			);
			defaultConfigurationIsVisible = 0;
			defaultConfigurationName = Release;
		};
		7C0B1C061D3801B400285534 /* Build configuration list for PBXNativeTarget "CoolNotesTests" */ = {
			isa = XCConfigurationList;
			buildConfigurations = (
				7C0B1C071D3801B400285534 /* Debug */,
				7C0B1C081D3801B400285534 /* Release */,
			);
			defaultConfigurationIsVisible = 0;
			defaultConfigurationName = Release;
		};
		7C0B1C091D3801B400285534 /* Build configuration list for PBXNativeTarget "CoolNotesUITests" */ = {
			isa = XCConfigurationList;
			buildConfigurations = (
				7C0B1C0A1D3801B400285534 /* Debug */,
				7C0B1C0B1D3801B400285534 /* Release */,
			);
			defaultConfigurationIsVisible = 0;
			defaultConfigurationName = Release;
		};
/* End XCConfigurationList section */

/* Begin XCVersionGroup section */
		7C0B1C0C1D38020400285534 /* CoolNotesModel.xcdatamodeld */ = {
			isa = XCVersionGroup;
			children = (
				7C0B1C0D1D38020400285534 /* CoolNotesModel.xcdatamodel */,
			);
			currentVersion = 7C0B1C0D1D38020400285534 /* CoolNotesModel.xcdatamodel */;
			path = CoolNotesModel.xcdatamodeld;
			sourceTree = "<group>";
			versionGroupType = wrapper.xcdatamodel;
		};
/* End XCVersionGroup section */
	};
	rootObject = 7C0B1BD31D3801B300285534 /* Project object */;
}
